
Microsoft Visual Studio Solution File, Format Version 12.00
# Visual Studio Version 17
VisualStudioVersion = 17.1.32228.430
MinimumVisualStudioVersion = 10.0.40219.1
Project("{2150E333-8FDC-42A3-9474-1A3956D46DE8}") = "src", "src", "{52CF7A46-727C-4FFC-B39F-D18EB2C6F2B2}"
EndProject
Project("{2150E333-8FDC-42A3-9474-1A3956D46DE8}") = "Core", "Core", "{CB1BC9DD-DF9B-4F18-AEEB-C7B73CCFB924}"
EndProject
Project("{2150E333-8FDC-42A3-9474-1A3956D46DE8}") = "Infrastructure", "Infrastructure", "{DEC25923-4866-4724-8CC3-EC65FD4E4CD1}"
EndProject
Project("{2150E333-8FDC-42A3-9474-1A3956D46DE8}") = "Presentation", "Presentation", "{2C6B75CF-0EB2-44E5-97B5-E62666C1FC75}"
EndProject
Project("{2150E333-8FDC-42A3-9474-1A3956D46DE8}") = "Tests", "Tests", "{1F7FBD4E-3CC7-418D-8513-C818B36A837C}"
EndProject
Project("{9A19103F-16F7-4668-BE54-9A1E7A4F7556}") = "Hostel.Security.Infrastructure", "src\Infrastructure\Hostel.Security.Infrastructure\Hostel.Security.Infrastructure.csproj", "{4DB0D07F-109A-42A9-8BBA-D825ED1A08D3}"
EndProject
Project("{9A19103F-16F7-4668-BE54-9A1E7A4F7556}") = "Hostel.Catalogue.Infrastructure", "src\Infrastructure\Hostel.Catalogue.Infrastructure\Hostel.Catalogue.Infrastructure.csproj", "{5A6D735C-83A1-40F1-AFE3-1C13C3751AE1}"
EndProject
Project("{9A19103F-16F7-4668-BE54-9A1E7A4F7556}") = "Hostel.Security.Api", "src\Presentation\Hostel.Security.Api\Hostel.Security.Api.csproj", "{9CC983BA-A080-4F2B-9F7E-1120B4BD2651}"
EndProject
Project("{9A19103F-16F7-4668-BE54-9A1E7A4F7556}") = "Hostel.Catalogue.Api", "src\Presentation\Hostel.Catalogue.Api\Hostel.Catalogue.Api.csproj", "{2C82FA21-4E10-4B5A-AD75-2E92E176465C}"
EndProject
Project("{2150E333-8FDC-42A3-9474-1A3956D46DE8}") = "Domain", "Domain", "{882CB920-C34B-4B8D-9862-2F1445607F94}"
EndProject
Project("{2150E333-8FDC-42A3-9474-1A3956D46DE8}") = "Application", "Application", "{6717E457-DF96-478A-AB1D-E2B1A15C06BD}"
EndProject
Project("{FAE04EC0-301F-11D3-BF4B-00C04F79EFBC}") = "Hostel.Security.Domain", "src\Core\Domain\Hostel.Security.Domain\Hostel.Security.Domain.csproj", "{637D120F-FAEF-417B-ABBA-E55BD544915B}"
EndProject
Project("{FAE04EC0-301F-11D3-BF4B-00C04F79EFBC}") = "Hostel.Catalogue.Domain", "src\Core\Domain\Hostel.Catalogue.Domain\Hostel.Catalogue.Domain.csproj", "{4D8411F1-B0C9-439D-B954-8BA821BEF1A7}"
EndProject
Project("{FAE04EC0-301F-11D3-BF4B-00C04F79EFBC}") = "Hostel.Security.Application", "src\Core\Application\Hostel.Security.Application\Hostel.Security.Application.csproj", "{86A0100A-0C11-4FB2-A8C1-27BE546B6277}"
EndProject
Project("{FAE04EC0-301F-11D3-BF4B-00C04F79EFBC}") = "Hostel.Catalogue.Application", "src\Core\Application\Hostel.Catalogue.Application\Hostel.Catalogue.Application.csproj", "{F006F854-9EBA-4EBD-AEAF-453BC10BE56E}"
EndProject
Global
	GlobalSection(SolutionConfigurationPlatforms) = preSolution
		Debug|Any CPU = Debug|Any CPU
		Release|Any CPU = Release|Any CPU
	EndGlobalSection
	GlobalSection(ProjectConfigurationPlatforms) = postSolution
		{4DB0D07F-109A-42A9-8BBA-D825ED1A08D3}.Debug|Any CPU.ActiveCfg = Debug|Any CPU
		{4DB0D07F-109A-42A9-8BBA-D825ED1A08D3}.Debug|Any CPU.Build.0 = Debug|Any CPU
		{4DB0D07F-109A-42A9-8BBA-D825ED1A08D3}.Release|Any CPU.ActiveCfg = Release|Any CPU
		{4DB0D07F-109A-42A9-8BBA-D825ED1A08D3}.Release|Any CPU.Build.0 = Release|Any CPU
		{5A6D735C-83A1-40F1-AFE3-1C13C3751AE1}.Debug|Any CPU.ActiveCfg = Debug|Any CPU
		{5A6D735C-83A1-40F1-AFE3-1C13C3751AE1}.Debug|Any CPU.Build.0 = Debug|Any CPU
		{5A6D735C-83A1-40F1-AFE3-1C13C3751AE1}.Release|Any CPU.ActiveCfg = Release|Any CPU
		{5A6D735C-83A1-40F1-AFE3-1C13C3751AE1}.Release|Any CPU.Build.0 = Release|Any CPU
		{9CC983BA-A080-4F2B-9F7E-1120B4BD2651}.Debug|Any CPU.ActiveCfg = Debug|Any CPU
		{9CC983BA-A080-4F2B-9F7E-1120B4BD2651}.Debug|Any CPU.Build.0 = Debug|Any CPU
		{9CC983BA-A080-4F2B-9F7E-1120B4BD2651}.Release|Any CPU.ActiveCfg = Release|Any CPU
		{9CC983BA-A080-4F2B-9F7E-1120B4BD2651}.Release|Any CPU.Build.0 = Release|Any CPU
		{2C82FA21-4E10-4B5A-AD75-2E92E176465C}.Debug|Any CPU.ActiveCfg = Debug|Any CPU
		{2C82FA21-4E10-4B5A-AD75-2E92E176465C}.Debug|Any CPU.Build.0 = Debug|Any CPU
		{2C82FA21-4E10-4B5A-AD75-2E92E176465C}.Release|Any CPU.ActiveCfg = Release|Any CPU
		{2C82FA21-4E10-4B5A-AD75-2E92E176465C}.Release|Any CPU.Build.0 = Release|Any CPU
		{637D120F-FAEF-417B-ABBA-E55BD544915B}.Debug|Any CPU.ActiveCfg = Debug|Any CPU
		{637D120F-FAEF-417B-ABBA-E55BD544915B}.Debug|Any CPU.Build.0 = Debug|Any CPU
		{637D120F-FAEF-417B-ABBA-E55BD544915B}.Release|Any CPU.ActiveCfg = Release|Any CPU
		{637D120F-FAEF-417B-ABBA-E55BD544915B}.Release|Any CPU.Build.0 = Release|Any CPU
		{4D8411F1-B0C9-439D-B954-8BA821BEF1A7}.Debug|Any CPU.ActiveCfg = Debug|Any CPU
		{4D8411F1-B0C9-439D-B954-8BA821BEF1A7}.Debug|Any CPU.Build.0 = Debug|Any CPU
		{4D8411F1-B0C9-439D-B954-8BA821BEF1A7}.Release|Any CPU.ActiveCfg = Release|Any CPU
		{4D8411F1-B0C9-439D-B954-8BA821BEF1A7}.Release|Any CPU.Build.0 = Release|Any CPU
		{86A0100A-0C11-4FB2-A8C1-27BE546B6277}.Debug|Any CPU.ActiveCfg = Debug|Any CPU
		{86A0100A-0C11-4FB2-A8C1-27BE546B6277}.Debug|Any CPU.Build.0 = Debug|Any CPU
		{86A0100A-0C11-4FB2-A8C1-27BE546B6277}.Release|Any CPU.ActiveCfg = Release|Any CPU
		{86A0100A-0C11-4FB2-A8C1-27BE546B6277}.Release|Any CPU.Build.0 = Release|Any CPU
		{F006F854-9EBA-4EBD-AEAF-453BC10BE56E}.Debug|Any CPU.ActiveCfg = Debug|Any CPU
		{F006F854-9EBA-4EBD-AEAF-453BC10BE56E}.Debug|Any CPU.Build.0 = Debug|Any CPU
		{F006F854-9EBA-4EBD-AEAF-453BC10BE56E}.Release|Any CPU.ActiveCfg = Release|Any CPU
		{F006F854-9EBA-4EBD-AEAF-453BC10BE56E}.Release|Any CPU.Build.0 = Release|Any CPU
	EndGlobalSection
	GlobalSection(SolutionProperties) = preSolution
		HideSolutionNode = FALSE
	EndGlobalSection
	GlobalSection(NestedProjects) = preSolution
		{CB1BC9DD-DF9B-4F18-AEEB-C7B73CCFB924} = {52CF7A46-727C-4FFC-B39F-D18EB2C6F2B2}
		{DEC25923-4866-4724-8CC3-EC65FD4E4CD1} = {52CF7A46-727C-4FFC-B39F-D18EB2C6F2B2}
		{2C6B75CF-0EB2-44E5-97B5-E62666C1FC75} = {52CF7A46-727C-4FFC-B39F-D18EB2C6F2B2}
		{1F7FBD4E-3CC7-418D-8513-C818B36A837C} = {52CF7A46-727C-4FFC-B39F-D18EB2C6F2B2}
		{4DB0D07F-109A-42A9-8BBA-D825ED1A08D3} = {DEC25923-4866-4724-8CC3-EC65FD4E4CD1}
		{5A6D735C-83A1-40F1-AFE3-1C13C3751AE1} = {DEC25923-4866-4724-8CC3-EC65FD4E4CD1}
		{9CC983BA-A080-4F2B-9F7E-1120B4BD2651} = {2C6B75CF-0EB2-44E5-97B5-E62666C1FC75}
		{2C82FA21-4E10-4B5A-AD75-2E92E176465C} = {2C6B75CF-0EB2-44E5-97B5-E62666C1FC75}
		{882CB920-C34B-4B8D-9862-2F1445607F94} = {CB1BC9DD-DF9B-4F18-AEEB-C7B73CCFB924}
		{6717E457-DF96-478A-AB1D-E2B1A15C06BD} = {CB1BC9DD-DF9B-4F18-AEEB-C7B73CCFB924}
		{637D120F-FAEF-417B-ABBA-E55BD544915B} = {882CB920-C34B-4B8D-9862-2F1445607F94}
		{4D8411F1-B0C9-439D-B954-8BA821BEF1A7} = {882CB920-C34B-4B8D-9862-2F1445607F94}
		{86A0100A-0C11-4FB2-A8C1-27BE546B6277} = {6717E457-DF96-478A-AB1D-E2B1A15C06BD}
		{F006F854-9EBA-4EBD-AEAF-453BC10BE56E} = {6717E457-DF96-478A-AB1D-E2B1A15C06BD}
	EndGlobalSection
	GlobalSection(ExtensibilityGlobals) = postSolution
		SolutionGuid = {2DF9C1ED-D8EF-4880-84E3-A64AF0325388}
	EndGlobalSection
EndGlobal
